{
  "name": "wasm_build",
  "version": "0.0.0",
  "lockfileVersion": 2,
  "requires": true,
  "packages": {
    "": {
      "name": "wasm_build",
      "version": "0.0.0",
      "license": "GPL-3.0-or-later",
      "dependencies": {
        "base32768": "^2.0.1",
        "node-sqlite3-wasm": "^0.6.4"
      }
    },
    "node_modules/base32768": {
      "version": "2.0.2",
      "resolved": "https://registry.npmjs.org/base32768/-/base32768-2.0.2.tgz",
      "integrity": "sha512-0QKwYLdhM2/5t3SYibZQRbGbSOcu7aptVx2jxasQhkbrhXXb3XxTmdWSsnFyDxT/906Cd4vqeltD+Rf6VSYPwQ=="
    },
    "node_modules/node-sqlite3-wasm": {
      "version": "0.6.4",
      "resolved": "https://registry.npmjs.org/node-sqlite3-wasm/-/node-sqlite3-wasm-0.6.4.tgz",
      "integrity": "sha512-b0c94/1spx1zhxPHetWvfk5D20MHnKsefHJ6MsVjbqbz4M38j5yMlwa1iXwqR5pY295lAkM6/ZChtDpkBhj3dA=="
    }
  },
  "dependencies": {
    "base32768": {
      "version": "2.0.2",
      "resolved": "https://registry.npmjs.org/base32768/-/base32768-2.0.2.tgz",
      "integrity": "sha512-0QKwYLdhM2/5t3SYibZQRbGbSOcu7aptVx2jxasQhkbrhXXb3XxTmdWSsnFyDxT/906Cd4vqeltD+Rf6VSYPwQ=="
    },
    "node-sqlite3-wasm": {
      "version": "0.6.4",
      "resolved": "https://registry.npmjs.org/node-sqlite3-wasm/-/node-sqlite3-wasm-0.6.4.tgz",
      "integrity": "sha512-b0c94/1spx1zhxPHetWvfk5D20MHnKsefHJ6MsVjbqbz4M38j5yMlwa1iXwqR5pY295lAkM6/ZChtDpkBhj3dA=="
    }
  }
}
