{
  "name": "wasm_build",
  "version": "0.0.0",
  "lockfileVersion": 2,
  "requires": true,
  "packages": {
    "": {
      "name": "wasm_build",
      "version": "0.0.0",
      "license": "GPL-3.0-or-later",
      "dependencies": {
        "base32768": "^3.0.1",
        "node-sqlite3-wasm": "^0.8.5"
      }
    },
    "node_modules/base32768": {
      "version": "3.0.1",
      "resolved": "https://registry.npmjs.org/base32768/-/base32768-3.0.1.tgz",
      "integrity": "sha512-dNGY49X0IKN1kDl9y/6sii1Vced+f+4uAqOeRz/PshjNdPwSD+ntnHOg/YgDbLSZetp94d/XxGdpfbXDKv8BVQ=="
    },
    "node_modules/node-sqlite3-wasm": {
      "version": "0.8.5",
      "resolved": "https://registry.npmjs.org/node-sqlite3-wasm/-/node-sqlite3-wasm-0.8.5.tgz",
      "integrity": "sha512-taIyscSqtQ6ODfgeLkQsrUyc25PZO9Sa0TZxcKIcvhVrlrsz+CFFvMsFeE7SM+PPNarRXCB4rYlyIquePwW0Rg=="
    }
  },
  "dependencies": {
    "base32768": {
      "version": "3.0.1",
      "resolved": "https://registry.npmjs.org/base32768/-/base32768-3.0.1.tgz",
      "integrity": "sha512-dNGY49X0IKN1kDl9y/6sii1Vced+f+4uAqOeRz/PshjNdPwSD+ntnHOg/YgDbLSZetp94d/XxGdpfbXDKv8BVQ=="
    },
    "node-sqlite3-wasm": {
      "version": "0.8.5",
      "resolved": "https://registry.npmjs.org/node-sqlite3-wasm/-/node-sqlite3-wasm-0.8.5.tgz",
      "integrity": "sha512-taIyscSqtQ6ODfgeLkQsrUyc25PZO9Sa0TZxcKIcvhVrlrsz+CFFvMsFeE7SM+PPNarRXCB4rYlyIquePwW0Rg=="
    }
  }
}
