{
  "name": "wasm_build",
  "version": "0.0.0",
  "lockfileVersion": 2,
  "requires": true,
  "packages": {
    "": {
      "name": "wasm_build",
      "version": "0.0.0",
      "license": "GPL-3.0-or-later",
      "dependencies": {
        "@spruceid/didkit-wasm": "^0.3.0-alpha0",
        "base32768": "^2.0.1"
      }
    },
    "node_modules/@spruceid/didkit-wasm": {
      "version": "0.3.0-alpha0",
      "resolved": "https://registry.npmjs.org/@spruceid/didkit-wasm/-/didkit-wasm-0.3.0-alpha0.tgz",
      "integrity": "sha512-NKyw1MM3ZqFmL9WLbFR1l3XdVmukcmP4nV0aEaztBhxeFyEBS31lxdd2WE4tPAl83cUOhxJ+AfX2iZS5ES9rZw=="
    },
    "node_modules/base32768": {
      "version": "2.0.2",
      "resolved": "https://registry.npmjs.org/base32768/-/base32768-2.0.2.tgz",
      "integrity": "sha512-0QKwYLdhM2/5t3SYibZQRbGbSOcu7aptVx2jxasQhkbrhXXb3XxTmdWSsnFyDxT/906Cd4vqeltD+Rf6VSYPwQ=="
    }
  },
  "dependencies": {
    "@spruceid/didkit-wasm": {
      "version": "0.3.0-alpha0",
      "resolved": "https://registry.npmjs.org/@spruceid/didkit-wasm/-/didkit-wasm-0.3.0-alpha0.tgz",
      "integrity": "sha512-NKyw1MM3ZqFmL9WLbFR1l3XdVmukcmP4nV0aEaztBhxeFyEBS31lxdd2WE4tPAl83cUOhxJ+AfX2iZS5ES9rZw=="
    },
    "base32768": {
      "version": "2.0.2",
      "resolved": "https://registry.npmjs.org/base32768/-/base32768-2.0.2.tgz",
      "integrity": "sha512-0QKwYLdhM2/5t3SYibZQRbGbSOcu7aptVx2jxasQhkbrhXXb3XxTmdWSsnFyDxT/906Cd4vqeltD+Rf6VSYPwQ=="
    }
  }
}
