{
  "name": "wasm_build",
  "version": "0.0.0",
  "lockfileVersion": 1,
  "requires": true,
  "dependencies": {
    "base32768": {
      "version": "2.0.1",
      "resolved": "https://registry.npmjs.org/base32768/-/base32768-2.0.1.tgz",
      "integrity": "sha512-DfpYn6XUE8YSsooJ4rj61EiTKkPJM1exxxbJB0byWvRc39ogWDZtrOSY0PVvGQe+DI1FZt10ES7xBifxmirqwQ=="
    }
  }
}
